
Microsoft Visual Studio Solution File, Format Version 12.00
# Visual Studio Version 17
VisualStudioVersion = 17.0.31903.59
MinimumVisualStudioVersion = 10.0.40219.1
Project("{FAE04EC0-301F-11D3-BF4B-00C04F79EFBC}") = "BookStoreApi", "src\BookStoreApi.csproj", "{B734B25B-1165-4F08-A9C9-72844F218627}"
EndProject
Project("{2150E333-8FDC-42A3-9474-1A3956D46DE8}") = "tests", "tests", "{F3568808-C4FF-4A65-AFBB-FBB9EEA2512F}"
EndProject
Project("{FAE04EC0-301F-11D3-BF4B-00C04F79EFBC}") = "BookStoreApi.Tests", "tests\BookStoreApi.Tests\BookStoreApi.Tests.csproj", "{921318AB-912E-4D1A-9F00-0991964EA039}"
EndProject
Global
	GlobalSection(SolutionConfigurationPlatforms) = preSolution
		Debug|Any CPU = Debug|Any CPU
		Release|Any CPU = Release|Any CPU
	EndGlobalSection
	GlobalSection(SolutionProperties) = preSolution
		HideSolutionNode = FALSE
	EndGlobalSection
	GlobalSection(ProjectConfigurationPlatforms) = postSolution
		{B734B25B-1165-4F08-A9C9-72844F218627}.Debug|Any CPU.ActiveCfg = Debug|Any CPU
		{B734B25B-1165-4F08-A9C9-72844F218627}.Debug|Any CPU.Build.0 = Debug|Any CPU
		{B734B25B-1165-4F08-A9C9-72844F218627}.Release|Any CPU.ActiveCfg = Release|Any CPU
		{B734B25B-1165-4F08-A9C9-72844F218627}.Release|Any CPU.Build.0 = Release|Any CPU
		{921318AB-912E-4D1A-9F00-0991964EA039}.Debug|Any CPU.ActiveCfg = Debug|Any CPU
		{921318AB-912E-4D1A-9F00-0991964EA039}.Debug|Any CPU.Build.0 = Debug|Any CPU
		{921318AB-912E-4D1A-9F00-0991964EA039}.Release|Any CPU.ActiveCfg = Release|Any CPU
		{921318AB-912E-4D1A-9F00-0991964EA039}.Release|Any CPU.Build.0 = Release|Any CPU
	EndGlobalSection
	GlobalSection(NestedProjects) = preSolution
		{921318AB-912E-4D1A-9F00-0991964EA039} = {F3568808-C4FF-4A65-AFBB-FBB9EEA2512F}
	EndGlobalSection
EndGlobal
